
Microsoft Visual Studio Solution File, Format Version 12.00
# Visual Studio Version 16
VisualStudioVersion = 16.0.30717.126
MinimumVisualStudioVersion = 10.0.40219.1
Project("{FAE04EC0-301F-11D3-BF4B-00C04F79EFBC}") = "TopLevelConsole", "TopLevelConsole\TopLevelConsole.csproj", "{F9FD6BAC-581E-4853-BC1C-A22C858A5FE4}"
EndProject
Project("{FAE04EC0-301F-11D3-BF4B-00C04F79EFBC}") = "TargetTyping", "TargetTyping\TargetTyping.csproj", "{1F94C1F4-75CA-435B-B92D-BFE79F55F4B1}"
EndProject
Project("{FAE04EC0-301F-11D3-BF4B-00C04F79EFBC}") = "InitOnly", "InitOnly\InitOnly.csproj", "{3B643D3A-6C9B-40EF-ABB2-0356D721C2BE}"
EndProject
Project("{FAE04EC0-301F-11D3-BF4B-00C04F79EFBC}") = "Records", "Records\Records.csproj", "{D0A425F0-8449-4CFC-B670-2763F1F981AA}"
EndProject
Global
	GlobalSection(SolutionConfigurationPlatforms) = preSolution
		Debug|Any CPU = Debug|Any CPU
		Release|Any CPU = Release|Any CPU
	EndGlobalSection
	GlobalSection(ProjectConfigurationPlatforms) = postSolution
		{F9FD6BAC-581E-4853-BC1C-A22C858A5FE4}.Debug|Any CPU.ActiveCfg = Debug|Any CPU
		{F9FD6BAC-581E-4853-BC1C-A22C858A5FE4}.Debug|Any CPU.Build.0 = Debug|Any CPU
		{F9FD6BAC-581E-4853-BC1C-A22C858A5FE4}.Release|Any CPU.ActiveCfg = Release|Any CPU
		{F9FD6BAC-581E-4853-BC1C-A22C858A5FE4}.Release|Any CPU.Build.0 = Release|Any CPU
		{1F94C1F4-75CA-435B-B92D-BFE79F55F4B1}.Debug|Any CPU.ActiveCfg = Debug|Any CPU
		{1F94C1F4-75CA-435B-B92D-BFE79F55F4B1}.Debug|Any CPU.Build.0 = Debug|Any CPU
		{1F94C1F4-75CA-435B-B92D-BFE79F55F4B1}.Release|Any CPU.ActiveCfg = Release|Any CPU
		{1F94C1F4-75CA-435B-B92D-BFE79F55F4B1}.Release|Any CPU.Build.0 = Release|Any CPU
		{3B643D3A-6C9B-40EF-ABB2-0356D721C2BE}.Debug|Any CPU.ActiveCfg = Debug|Any CPU
		{3B643D3A-6C9B-40EF-ABB2-0356D721C2BE}.Debug|Any CPU.Build.0 = Debug|Any CPU
		{3B643D3A-6C9B-40EF-ABB2-0356D721C2BE}.Release|Any CPU.ActiveCfg = Release|Any CPU
		{3B643D3A-6C9B-40EF-ABB2-0356D721C2BE}.Release|Any CPU.Build.0 = Release|Any CPU
		{D0A425F0-8449-4CFC-B670-2763F1F981AA}.Debug|Any CPU.ActiveCfg = Debug|Any CPU
		{D0A425F0-8449-4CFC-B670-2763F1F981AA}.Debug|Any CPU.Build.0 = Debug|Any CPU
		{D0A425F0-8449-4CFC-B670-2763F1F981AA}.Release|Any CPU.ActiveCfg = Release|Any CPU
		{D0A425F0-8449-4CFC-B670-2763F1F981AA}.Release|Any CPU.Build.0 = Release|Any CPU
	EndGlobalSection
	GlobalSection(SolutionProperties) = preSolution
		HideSolutionNode = FALSE
	EndGlobalSection
	GlobalSection(ExtensibilityGlobals) = postSolution
		SolutionGuid = {9143E5C0-BB55-4CBB-B462-069964ECA9FF}
	EndGlobalSection
EndGlobal
